
Microsoft Visual Studio Solution File, Format Version 12.00
# Visual Studio 2013
VisualStudioVersion = 12.0.40629.0
MinimumVisualStudioVersion = 10.0.40219.1
Project("{FAE04EC0-301F-11D3-BF4B-00C04F79EFBC}") = "Runner", "Runner\Runner.csproj", "{CF4E0406-2AF8-49D2-BC7A-F074593A377A}"
EndProject
Project("{FAE04EC0-301F-11D3-BF4B-00C04F79EFBC}") = "DataStructures", "DataStructures\DataStructures.csproj", "{BA3D44A1-F636-4D13-B050-003C1BCCD156}"
EndProject
Global
	GlobalSection(SolutionConfigurationPlatforms) = preSolution
		Debug|Any CPU = Debug|Any CPU
		Release|Any CPU = Release|Any CPU
	EndGlobalSection
	GlobalSection(ProjectConfigurationPlatforms) = postSolution
		{CF4E0406-2AF8-49D2-BC7A-F074593A377A}.Debug|Any CPU.ActiveCfg = Debug|Any CPU
		{CF4E0406-2AF8-49D2-BC7A-F074593A377A}.Debug|Any CPU.Build.0 = Debug|Any CPU
		{CF4E0406-2AF8-49D2-BC7A-F074593A377A}.Release|Any CPU.ActiveCfg = Release|Any CPU
		{CF4E0406-2AF8-49D2-BC7A-F074593A377A}.Release|Any CPU.Build.0 = Release|Any CPU
		{BA3D44A1-F636-4D13-B050-003C1BCCD156}.Debug|Any CPU.ActiveCfg = Debug|Any CPU
		{BA3D44A1-F636-4D13-B050-003C1BCCD156}.Debug|Any CPU.Build.0 = Debug|Any CPU
		{BA3D44A1-F636-4D13-B050-003C1BCCD156}.Release|Any CPU.ActiveCfg = Release|Any CPU
		{BA3D44A1-F636-4D13-B050-003C1BCCD156}.Release|Any CPU.Build.0 = Release|Any CPU
	EndGlobalSection
	GlobalSection(SolutionProperties) = preSolution
		HideSolutionNode = FALSE
	EndGlobalSection
EndGlobal
